{
  "name": "72DreamlandPoetryTravel",
  "lockfileVersion": 3,
  "requires": true,
  "packages": {
    "": {
      "dependencies": {
        "chinese-conv": "^3.2.2",
        "opencc-js": "^1.0.5"
      }
    },
    "node_modules/chinese-conv": {
      "version": "3.2.2",
      "resolved": "https://registry.npmjs.org/chinese-conv/-/chinese-conv-3.2.2.tgz",
      "integrity": "sha512-tv/he3PX7Uo+ySYVdKy3t/vhx7zdZoshS2HGLWOqotfVaR5hK5f6rsJeU2vAXeCRgzRxpW52LcN3CtinVDPEeQ==",
      "hasInstallScript": true,
      "license": "MIT"
    },
    "node_modules/opencc-js": {
      "version": "1.0.5",
      "resolved": "https://registry.npmjs.org/opencc-js/-/opencc-js-1.0.5.tgz",
      "integrity": "sha512-LD+1SoNnZdlRwtYTjnQdFrSVCAaYpuDqL5CkmOaHOkKoKh7mFxUicLTRVNLU5C+Jmi1vXQ3QL4jWdgSaa4sKjg==",
      "license": "MIT"
    }
  }
}
